Microsoft Visual Studio Solution File, Format Version 12.00
# Visual Studio 2012
Project("{FAE04EC0-301F-11D3-BF4B-00C04F79EFBC}") = "NEEQMM.Core", "src\NEEQMM.Core\NEEQMM.Core.csproj", "{62251D88-05F8-4BEE-9E18-0C9AFEBC8F2B}"
EndProject
Project("{FAE04EC0-301F-11D3-BF4B-00C04F79EFBC}") = "MonoFramework.API", "..\MonoFramework\src\MonoFramework.API\MonoFramework.API.csproj", "{F2E3E9AC-3A20-451F-B46A-A014616A9A25}"
EndProject
Project("{FAE04EC0-301F-11D3-BF4B-00C04F79EFBC}") = "NEEQMMDemoStgy1", "src\NEEQMMDemoStgy1\NEEQMMDemoStgy1.csproj", "{51DB8474-B9AB-404A-92C3-AB3BB3A449EE}"
EndProject
Project("{FAE04EC0-301F-11D3-BF4B-00C04F79EFBC}") = "NEEQMMDemoStgy2", "src\NEEQMMDemoStgy2\NEEQMMDemoStgy2.csproj", "{A1D588FA-93CD-47B5-84C5-432A500FFBD2}"
EndProject
Project("{FAE04EC0-301F-11D3-BF4B-00C04F79EFBC}") = "MMDashboard", "src\MMDashboard\MMDashboard.csproj", "{7DF0F5A2-6708-4C06-920D-0D608AAE8292}"
EndProject
Project("{FAE04EC0-301F-11D3-BF4B-00C04F79EFBC}") = "MonoTrader.Core", "..\MonoTrader\src\MonoTrader.Core\MonoTrader.Core.csproj", "{33689D21-E5EF-4E27-ACF7-81D0A7B54A84}"
EndProject
Global
	GlobalSection(SolutionConfigurationPlatforms) = preSolution
		Debug|Any CPU = Debug|Any CPU
		Debug|Mixed Platforms = Debug|Mixed Platforms
		Debug|x86 = Debug|x86
		Release|Any CPU = Release|Any CPU
		Release|Mixed Platforms = Release|Mixed Platforms
		Release|x86 = Release|x86
	EndGlobalSection
	GlobalSection(ProjectConfigurationPlatforms) = postSolution
		{62251D88-05F8-4BEE-9E18-0C9AFEBC8F2B}.Debug|Any CPU.ActiveCfg = Debug|Any CPU
		{62251D88-05F8-4BEE-9E18-0C9AFEBC8F2B}.Debug|Any CPU.Build.0 = Debug|Any CPU
		{62251D88-05F8-4BEE-9E18-0C9AFEBC8F2B}.Debug|Mixed Platforms.ActiveCfg = Debug|Any CPU
		{62251D88-05F8-4BEE-9E18-0C9AFEBC8F2B}.Debug|Mixed Platforms.Build.0 = Debug|Any CPU
		{62251D88-05F8-4BEE-9E18-0C9AFEBC8F2B}.Debug|x86.ActiveCfg = Debug|Any CPU
		{62251D88-05F8-4BEE-9E18-0C9AFEBC8F2B}.Debug|x86.Build.0 = Debug|Any CPU
		{62251D88-05F8-4BEE-9E18-0C9AFEBC8F2B}.Release|Any CPU.ActiveCfg = Release|Any CPU
		{62251D88-05F8-4BEE-9E18-0C9AFEBC8F2B}.Release|Any CPU.Build.0 = Release|Any CPU
		{62251D88-05F8-4BEE-9E18-0C9AFEBC8F2B}.Release|Mixed Platforms.ActiveCfg = Release|Any CPU
		{62251D88-05F8-4BEE-9E18-0C9AFEBC8F2B}.Release|Mixed Platforms.Build.0 = Release|Any CPU
		{62251D88-05F8-4BEE-9E18-0C9AFEBC8F2B}.Release|x86.ActiveCfg = Release|Any CPU
		{62251D88-05F8-4BEE-9E18-0C9AFEBC8F2B}.Release|x86.Build.0 = Release|Any CPU
		{F2E3E9AC-3A20-451F-B46A-A014616A9A25}.Debug|Any CPU.ActiveCfg = Debug|Any CPU
		{F2E3E9AC-3A20-451F-B46A-A014616A9A25}.Debug|Any CPU.Build.0 = Debug|Any CPU
		{F2E3E9AC-3A20-451F-B46A-A014616A9A25}.Debug|Mixed Platforms.ActiveCfg = Debug|Any CPU
		{F2E3E9AC-3A20-451F-B46A-A014616A9A25}.Debug|Mixed Platforms.Build.0 = Debug|Any CPU
		{F2E3E9AC-3A20-451F-B46A-A014616A9A25}.Debug|x86.ActiveCfg = Debug|Any CPU
		{F2E3E9AC-3A20-451F-B46A-A014616A9A25}.Debug|x86.Build.0 = Debug|Any CPU
		{F2E3E9AC-3A20-451F-B46A-A014616A9A25}.Release|Any CPU.ActiveCfg = Release|Any CPU
		{F2E3E9AC-3A20-451F-B46A-A014616A9A25}.Release|Any CPU.Build.0 = Release|Any CPU
		{F2E3E9AC-3A20-451F-B46A-A014616A9A25}.Release|Mixed Platforms.ActiveCfg = Release|Any CPU
		{F2E3E9AC-3A20-451F-B46A-A014616A9A25}.Release|Mixed Platforms.Build.0 = Release|Any CPU
		{F2E3E9AC-3A20-451F-B46A-A014616A9A25}.Release|x86.ActiveCfg = Release|Any CPU
		{F2E3E9AC-3A20-451F-B46A-A014616A9A25}.Release|x86.Build.0 = Release|Any CPU
		{51DB8474-B9AB-404A-92C3-AB3BB3A449EE}.Debug|Any CPU.ActiveCfg = Debug|Any CPU
		{51DB8474-B9AB-404A-92C3-AB3BB3A449EE}.Debug|Any CPU.Build.0 = Debug|Any CPU
		{51DB8474-B9AB-404A-92C3-AB3BB3A449EE}.Debug|Mixed Platforms.ActiveCfg = Debug|Any CPU
		{51DB8474-B9AB-404A-92C3-AB3BB3A449EE}.Debug|Mixed Platforms.Build.0 = Debug|Any CPU
		{51DB8474-B9AB-404A-92C3-AB3BB3A449EE}.Debug|x86.ActiveCfg = Debug|Any CPU
		{51DB8474-B9AB-404A-92C3-AB3BB3A449EE}.Debug|x86.Build.0 = Debug|Any CPU
		{51DB8474-B9AB-404A-92C3-AB3BB3A449EE}.Release|Any CPU.ActiveCfg = Release|Any CPU
		{51DB8474-B9AB-404A-92C3-AB3BB3A449EE}.Release|Any CPU.Build.0 = Release|Any CPU
		{51DB8474-B9AB-404A-92C3-AB3BB3A449EE}.Release|Mixed Platforms.ActiveCfg = Release|Any CPU
		{51DB8474-B9AB-404A-92C3-AB3BB3A449EE}.Release|Mixed Platforms.Build.0 = Release|Any CPU
		{51DB8474-B9AB-404A-92C3-AB3BB3A449EE}.Release|x86.ActiveCfg = Release|Any CPU
		{51DB8474-B9AB-404A-92C3-AB3BB3A449EE}.Release|x86.Build.0 = Release|Any CPU
		{A1D588FA-93CD-47B5-84C5-432A500FFBD2}.Debug|Any CPU.ActiveCfg = Debug|Any CPU
		{A1D588FA-93CD-47B5-84C5-432A500FFBD2}.Debug|Any CPU.Build.0 = Debug|Any CPU
		{A1D588FA-93CD-47B5-84C5-432A500FFBD2}.Debug|Mixed Platforms.ActiveCfg = Debug|Any CPU
		{A1D588FA-93CD-47B5-84C5-432A500FFBD2}.Debug|Mixed Platforms.Build.0 = Debug|Any CPU
		{A1D588FA-93CD-47B5-84C5-432A500FFBD2}.Debug|x86.ActiveCfg = Debug|Any CPU
		{A1D588FA-93CD-47B5-84C5-432A500FFBD2}.Debug|x86.Build.0 = Debug|Any CPU
		{A1D588FA-93CD-47B5-84C5-432A500FFBD2}.Release|Any CPU.ActiveCfg = Release|Any CPU
		{A1D588FA-93CD-47B5-84C5-432A500FFBD2}.Release|Any CPU.Build.0 = Release|Any CPU
		{A1D588FA-93CD-47B5-84C5-432A500FFBD2}.Release|Mixed Platforms.ActiveCfg = Release|Any CPU
		{A1D588FA-93CD-47B5-84C5-432A500FFBD2}.Release|Mixed Platforms.Build.0 = Release|Any CPU
		{A1D588FA-93CD-47B5-84C5-432A500FFBD2}.Release|x86.ActiveCfg = Release|Any CPU
		{A1D588FA-93CD-47B5-84C5-432A500FFBD2}.Release|x86.Build.0 = Release|Any CPU
		{7DF0F5A2-6708-4C06-920D-0D608AAE8292}.Debug|Any CPU.ActiveCfg = Debug|Any CPU
		{7DF0F5A2-6708-4C06-920D-0D608AAE8292}.Debug|Any CPU.Build.0 = Debug|Any CPU
		{7DF0F5A2-6708-4C06-920D-0D608AAE8292}.Debug|Mixed Platforms.ActiveCfg = Debug|Any CPU
		{7DF0F5A2-6708-4C06-920D-0D608AAE8292}.Debug|Mixed Platforms.Build.0 = Debug|Any CPU
		{7DF0F5A2-6708-4C06-920D-0D608AAE8292}.Debug|x86.ActiveCfg = Debug|Any CPU
		{7DF0F5A2-6708-4C06-920D-0D608AAE8292}.Debug|x86.Build.0 = Debug|Any CPU
		{7DF0F5A2-6708-4C06-920D-0D608AAE8292}.Release|Any CPU.ActiveCfg = Release|Any CPU
		{7DF0F5A2-6708-4C06-920D-0D608AAE8292}.Release|Any CPU.Build.0 = Release|Any CPU
		{7DF0F5A2-6708-4C06-920D-0D608AAE8292}.Release|Mixed Platforms.ActiveCfg = Release|Any CPU
		{7DF0F5A2-6708-4C06-920D-0D608AAE8292}.Release|Mixed Platforms.Build.0 = Release|Any CPU
		{7DF0F5A2-6708-4C06-920D-0D608AAE8292}.Release|x86.ActiveCfg = Release|Any CPU
		{7DF0F5A2-6708-4C06-920D-0D608AAE8292}.Release|x86.Build.0 = Release|Any CPU
		{33689D21-E5EF-4E27-ACF7-81D0A7B54A84}.Debug|Any CPU.ActiveCfg = Debug|Any CPU
		{33689D21-E5EF-4E27-ACF7-81D0A7B54A84}.Debug|Any CPU.Build.0 = Debug|Any CPU
		{33689D21-E5EF-4E27-ACF7-81D0A7B54A84}.Debug|Mixed Platforms.ActiveCfg = Debug|Any CPU
		{33689D21-E5EF-4E27-ACF7-81D0A7B54A84}.Debug|Mixed Platforms.Build.0 = Debug|Any CPU
		{33689D21-E5EF-4E27-ACF7-81D0A7B54A84}.Debug|x86.ActiveCfg = Debug|Any CPU
		{33689D21-E5EF-4E27-ACF7-81D0A7B54A84}.Release|Any CPU.ActiveCfg = Release|Any CPU
		{33689D21-E5EF-4E27-ACF7-81D0A7B54A84}.Release|Any CPU.Build.0 = Release|Any CPU
		{33689D21-E5EF-4E27-ACF7-81D0A7B54A84}.Release|Mixed Platforms.ActiveCfg = Release|Any CPU
		{33689D21-E5EF-4E27-ACF7-81D0A7B54A84}.Release|Mixed Platforms.Build.0 = Release|Any CPU
		{33689D21-E5EF-4E27-ACF7-81D0A7B54A84}.Release|x86.ActiveCfg = Release|Any CPU
	EndGlobalSection
	GlobalSection(SolutionProperties) = preSolution
		HideSolutionNode = FALSE
	EndGlobalSection
	GlobalSection(ExtensibilityGlobals) = postSolution
		SolutionGuid = {43698D59-629D-40B5-B5B8-A92A86324990}
	EndGlobalSection
EndGlobal
